
Microsoft Visual Studio Solution File, Format Version 12.00
# Visual Studio 15
VisualStudioVersion = 15.0.28307.421
MinimumVisualStudioVersion = 10.0.40219.1
Project("{FAE04EC0-301F-11D3-BF4B-00C04F79EFBC}") = "multi", "multi\multi.csproj", "{3E64119A-03DF-414E-A3B1-61C67687F37F}"
EndProject
Global
	GlobalSection(SolutionConfigurationPlatforms) = preSolution
		Debug|Any CPU = Debug|Any CPU
		Release|Any CPU = Release|Any CPU
	EndGlobalSection
	GlobalSection(ProjectConfigurationPlatforms) = postSolution
		{3E64119A-03DF-414E-A3B1-61C67687F37F}.Debug|Any CPU.ActiveCfg = Debug|Any CPU
		{3E64119A-03DF-414E-A3B1-61C67687F37F}.Debug|Any CPU.Build.0 = Debug|Any CPU
		{3E64119A-03DF-414E-A3B1-61C67687F37F}.Release|Any CPU.ActiveCfg = Release|Any CPU
		{3E64119A-03DF-414E-A3B1-61C67687F37F}.Release|Any CPU.Build.0 = Release|Any CPU
	EndGlobalSection
	GlobalSection(SolutionProperties) = preSolution
		HideSolutionNode = FALSE
	EndGlobalSection
	GlobalSection(ExtensibilityGlobals) = postSolution
		SolutionGuid = {4D6EB490-A49F-4C0C-ABC9-F08C33E2B9DA}
	EndGlobalSection
EndGlobal
